PODS:
  - Alamofire (4.6.0)
  - AlamofireImage (3.3.0):
    - Alamofire (~> 4.5)
  - TwitchTVDetail (0.1.0)

DEPENDENCIES:
  - Alamofire
  - AlamofireImage
  - TwitchTVDetail (from `https://github.com/LeonBerni/TwitchTVDetail.git`, branch `0.1.0`)

EXTERNAL SOURCES:
  TwitchTVDetail:
    :branch: 0.1.0
    :git: https://github.com/LeonBerni/TwitchTVDetail.git

CHECKOUT OPTIONS:
  TwitchTVDetail:
    :commit: 3696fb60408d798c65dccc09d4416d789919e81c
    :git: https://github.com/LeonBerni/TwitchTVDetail.git

SPEC CHECKSUMS:
  Alamofire: f41a599bd63041760b26d393ec1069d9d7b917f4
  AlamofireImage: 2e784dc5d00f04903a52c1d169181469c805c3df
  TwitchTVDetail: 56af67ae0b54c62235a7f42e9423a377aafe4566

PODFILE CHECKSUM: 2c75f037942d623ec5530708ca279b13b9c33f49

COCOAPODS: 1.3.1
