// !$*UTF8*$!
{
	archiveVersion = 1;
	classes = {
	};
	objectVersion = 48;
	objects = {

/* Begin PBXBuildFile section */
		35185D3E2005323C00DA96BD /* AppDelegate.swift in Sources */ = {isa = PBXBuildFile; fileRef = 35185D3D2005323C00DA96BD /* AppDelegate.swift */; };
		35185D402005323C00DA96BD /* ViewController.swift in Sources */ = {isa = PBXBuildFile; fileRef = 35185D3F2005323C00DA96BD /* ViewController.swift */; };
		35185D432005323C00DA96BD /* Main.storyboard in Resources */ = {isa = PBXBuildFile; fileRef = 35185D412005323C00DA96BD /* Main.storyboard */; };
		35185D452005323C00DA96BD /* Assets.xcassets in Resources */ = {isa = PBXBuildFile; fileRef = 35185D442005323C00DA96BD /* Assets.xcassets */; };
		35185D482005323C00DA96BD /* LaunchScreen.storyboard in Resources */ = {isa = PBXBuildFile; fileRef = 35185D462005323C00DA96BD /* LaunchScreen.storyboard */; };
		35185D502005356A00DA96BD /* APIController.swift in Sources */ = {isa = PBXBuildFile; fileRef = 35185D4F2005356A00DA96BD /* APIController.swift */; };
		352F84F420069E66002656CF /* DetailViewController.swift in Sources */ = {isa = PBXBuildFile; fileRef = 352F84F320069E66002656CF /* DetailViewController.swift */; };
		355DDCAC20054F76009E2421 /* TwitchModel.swift in Sources */ = {isa = PBXBuildFile; fileRef = 355DDCAB20054F76009E2421 /* TwitchModel.swift */; };
		355DDCAE200555AD009E2421 /* TwitchCollectionViewCell.swift in Sources */ = {isa = PBXBuildFile; fileRef = 355DDCAD200555AD009E2421 /* TwitchCollectionViewCell.swift */; };
		D175ED5C92A7D56D0E6D01BE /* Pods_TwitchTVNyth.framework in Frameworks */ = {isa = PBXBuildFile; fileRef = 637253E9C37A7FB0EEB86B0B /* Pods_TwitchTVNyth.framework */; };
/* End PBXBuildFile section */

/* Begin PBXFileReference section */
		26CC79948B7234EC27CF755A /* Pods-TwitchTVNyth.debug.xcconfig */ = {isa = PBXFileReference; includeInIndex = 1; lastKnownFileType = text.xcconfig; name = "Pods-TwitchTVNyth.debug.xcconfig"; path = "Pods/Target Support Files/Pods-TwitchTVNyth/Pods-TwitchTVNyth.debug.xcconfig"; sourceTree = "<group>"; };
		35185D3A2005323C00DA96BD /* TwitchTVNyth.app */ = {isa = PBXFileReference; explicitFileType = wrapper.application; includeInIndex = 0; path = TwitchTVNyth.app; sourceTree = BUILT_PRODUCTS_DIR; };
		35185D3D2005323C00DA96BD /* AppDelegate.swift */ = {isa = PBXFileReference; lastKnownFileType = sourcecode.swift; path = AppDelegate.swift; sourceTree = "<group>"; };
		35185D3F2005323C00DA96BD /* ViewController.swift */ = {isa = PBXFileReference; lastKnownFileType = sourcecode.swift; path = ViewController.swift; sourceTree = "<group>"; };
		35185D422005323C00DA96BD /* Base */ = {isa = PBXFileReference; lastKnownFileType = file.storyboard; name = Base; path = Base.lproj/Main.storyboard; sourceTree = "<group>"; };
		35185D442005323C00DA96BD /* Assets.xcassets */ = {isa = PBXFileReference; lastKnownFileType = folder.assetcatalog; path = Assets.xcassets; sourceTree = "<group>"; };
		35185D472005323C00DA96BD /* Base */ = {isa = PBXFileReference; lastKnownFileType = file.storyboard; name = Base; path = Base.lproj/LaunchScreen.storyboard; sourceTree = "<group>"; };
		35185D492005323C00DA96BD /* Info.plist */ = {isa = PBXFileReference; lastKnownFileType = text.plist.xml; path = Info.plist; sourceTree = "<group>"; };
		35185D4F2005356A00DA96BD /* APIController.swift */ = {isa = PBXFileReference; lastKnownFileType = sourcecode.swift; path = APIController.swift; sourceTree = "<group>"; };
		352F84F320069E66002656CF /* DetailViewController.swift */ = {isa = PBXFileReference; lastKnownFileType = sourcecode.swift; path = DetailViewController.swift; sourceTree = "<group>"; };
		355DDCAB20054F76009E2421 /* TwitchModel.swift */ = {isa = PBXFileReference; lastKnownFileType = sourcecode.swift; path = TwitchModel.swift; sourceTree = "<group>"; };
		355DDCAD200555AD009E2421 /* TwitchCollectionViewCell.swift */ = {isa = PBXFileReference; lastKnownFileType = sourcecode.swift; path = TwitchCollectionViewCell.swift; sourceTree = "<group>"; };
		637253E9C37A7FB0EEB86B0B /* Pods_TwitchTVNyth.framework */ = {isa = PBXFileReference; explicitFileType = wrapper.framework; includeInIndex = 0; path = Pods_TwitchTVNyth.framework; sourceTree = BUILT_PRODUCTS_DIR; };
		707FF80EFD9BFBF450ED9897 /* Pods-TwitchTVNyth.release.xcconfig */ = {isa = PBXFileReference; includeInIndex = 1; lastKnownFileType = text.xcconfig; name = "Pods-TwitchTVNyth.release.xcconfig"; path = "Pods/Target Support Files/Pods-TwitchTVNyth/Pods-TwitchTVNyth.release.xcconfig"; sourceTree = "<group>"; };
/* End PBXFileReference section */

/* Begin PBXFrameworksBuildPhase section */
		35185D372005323C00DA96BD /* Frameworks */ = {
			isa = PBXFrameworksBuildPhase;
			buildActionMask = 2147483647;
			files = (
				D175ED5C92A7D56D0E6D01BE /* Pods_TwitchTVNyth.framework in Frameworks */,
			);
			runOnlyForDeploymentPostprocessing = 0;
		};
/* End PBXFrameworksBuildPhase section */

/* Begin PBXGroup section */
		35185D312005323C00DA96BD = {
			isa = PBXGroup;
			children = (
				35185D3C2005323C00DA96BD /* TwitchTVNyth */,
				35185D3B2005323C00DA96BD /* Products */,
				5DF6AA194D701ADEC9B114EC /* Pods */,
				40DC66D158638289BC5C183A /* Frameworks */,
			);
			sourceTree = "<group>";
		};
		35185D3B2005323C00DA96BD /* Products */ = {
			isa = PBXGroup;
			children = (
				35185D3A2005323C00DA96BD /* TwitchTVNyth.app */,
			);
			name = Products;
			sourceTree = "<group>";
		};
		35185D3C2005323C00DA96BD /* TwitchTVNyth */ = {
			isa = PBXGroup;
			children = (
				355DDCAA20054F5B009E2421 /* Model */,
				355DDCA9200544A6009E2421 /* Controllers */,
				35185D3D2005323C00DA96BD /* AppDelegate.swift */,
				35185D412005323C00DA96BD /* Main.storyboard */,
				35185D442005323C00DA96BD /* Assets.xcassets */,
				35185D462005323C00DA96BD /* LaunchScreen.storyboard */,
				35185D492005323C00DA96BD /* Info.plist */,
				355DDCAD200555AD009E2421 /* TwitchCollectionViewCell.swift */,
			);
			path = TwitchTVNyth;
			sourceTree = "<group>";
		};
		355DDCA9200544A6009E2421 /* Controllers */ = {
			isa = PBXGroup;
			children = (
				35185D3F2005323C00DA96BD /* ViewController.swift */,
				35185D4F2005356A00DA96BD /* APIController.swift */,
				352F84F320069E66002656CF /* DetailViewController.swift */,
			);
			path = Controllers;
			sourceTree = "<group>";
		};
		355DDCAA20054F5B009E2421 /* Model */ = {
			isa = PBXGroup;
			children = (
				355DDCAB20054F76009E2421 /* TwitchModel.swift */,
			);
			path = Model;
			sourceTree = "<group>";
		};
		40DC66D158638289BC5C183A /* Frameworks */ = {
			isa = PBXGroup;
			children = (
				637253E9C37A7FB0EEB86B0B /* Pods_TwitchTVNyth.framework */,
			);
			name = Frameworks;
			sourceTree = "<group>";
		};
		5DF6AA194D701ADEC9B114EC /* Pods */ = {
			isa = PBXGroup;
			children = (
				26CC79948B7234EC27CF755A /* Pods-TwitchTVNyth.debug.xcconfig */,
				707FF80EFD9BFBF450ED9897 /* Pods-TwitchTVNyth.release.xcconfig */,
			);
			name = Pods;
			sourceTree = "<group>";
		};
/* End PBXGroup section */

/* Begin PBXNativeTarget section */
		35185D392005323C00DA96BD /* TwitchTVNyth */ = {
			isa = PBXNativeTarget;
			buildConfigurationList = 35185D4C2005323C00DA96BD /* Build configuration list for PBXNativeTarget "TwitchTVNyth" */;
			buildPhases = (
				4438C85BDBFFF8A9AD416099 /* [CP] Check Pods Manifest.lock */,
				35185D362005323C00DA96BD /* Sources */,
				35185D372005323C00DA96BD /* Frameworks */,
				35185D382005323C00DA96BD /* Resources */,
				97C5B3E1316BA2D7A0B592A5 /* [CP] Embed Pods Frameworks */,
				EAB20707F6A89BC712C6D79C /* [CP] Copy Pods Resources */,
			);
			buildRules = (
			);
			dependencies = (
			);
			name = TwitchTVNyth;
			productName = TwitchTVNyth;
			productReference = 35185D3A2005323C00DA96BD /* TwitchTVNyth.app */;
			productType = "com.apple.product-type.application";
		};
/* End PBXNativeTarget section */

/* Begin PBXProject section */
		35185D322005323C00DA96BD /* Project object */ = {
			isa = PBXProject;
			attributes = {
				LastSwiftUpdateCheck = 0910;
				LastUpgradeCheck = 0910;
				ORGANIZATIONNAME = "Leon Berni";
				TargetAttributes = {
					35185D392005323C00DA96BD = {
						CreatedOnToolsVersion = 9.1;
						ProvisioningStyle = Automatic;
					};
				};
			};
			buildConfigurationList = 35185D352005323C00DA96BD /* Build configuration list for PBXProject "TwitchTVNyth" */;
			compatibilityVersion = "Xcode 8.0";
			developmentRegion = en;
			hasScannedForEncodings = 0;
			knownRegions = (
				en,
				Base,
			);
			mainGroup = 35185D312005323C00DA96BD;
			productRefGroup = 35185D3B2005323C00DA96BD /* Products */;
			projectDirPath = "";
			projectRoot = "";
			targets = (
				35185D392005323C00DA96BD /* TwitchTVNyth */,
			);
		};
/* End PBXProject section */

/* Begin PBXResourcesBuildPhase section */
		35185D382005323C00DA96BD /* Resources */ = {
			isa = PBXResourcesBuildPhase;
			buildActionMask = 2147483647;
			files = (
				35185D482005323C00DA96BD /* LaunchScreen.storyboard in Resources */,
				35185D452005323C00DA96BD /* Assets.xcassets in Resources */,
				35185D432005323C00DA96BD /* Main.storyboard in Resources */,
			);
			runOnlyForDeploymentPostprocessing = 0;
		};
/* End PBXResourcesBuildPhase section */

/* Begin PBXShellScriptBuildPhase section */
		4438C85BDBFFF8A9AD416099 /* [CP] Check Pods Manifest.lock */ = {
			isa = PBXShellScriptBuildPhase;
			buildActionMask = 2147483647;
			files = (
			);
			inputPaths = (
				"${PODS_PODFILE_DIR_PATH}/Podfile.lock",
				"${PODS_ROOT}/Manifest.lock",
			);
			name = "[CP] Check Pods Manifest.lock";
			outputPaths = (
				"$(DERIVED_FILE_DIR)/Pods-TwitchTVNyth-checkManifestLockResult.txt",
			);
			runOnlyForDeploymentPostprocessing = 0;
			shellPath = /bin/sh;
			shellScript = "diff \"${PODS_PODFILE_DIR_PATH}/Podfile.lock\" \"${PODS_ROOT}/Manifest.lock\" > /dev/null\nif [ $? != 0 ] ; then\n    # print error to STDERR\n    echo \"error: The sandbox is not in sync with the Podfile.lock. Run 'pod install' or update your CocoaPods installation.\" >&2\n    exit 1\nfi\n# This output is used by Xcode 'outputs' to avoid re-running this script phase.\necho \"SUCCESS\" > \"${SCRIPT_OUTPUT_FILE_0}\"\n";
			showEnvVarsInLog = 0;
		};
		97C5B3E1316BA2D7A0B592A5 /* [CP] Embed Pods Frameworks */ = {
			isa = PBXShellScriptBuildPhase;
			buildActionMask = 2147483647;
			files = (
			);
			inputPaths = (
				"${SRCROOT}/Pods/Target Support Files/Pods-TwitchTVNyth/Pods-TwitchTVNyth-frameworks.sh",
				"${BUILT_PRODUCTS_DIR}/Alamofire/Alamofire.framework",
				"${BUILT_PRODUCTS_DIR}/AlamofireImage/AlamofireImage.framework",
			);
			name = "[CP] Embed Pods Frameworks";
			outputPaths = (
				"${TARGET_BUILD_DIR}/${FRAMEWORKS_FOLDER_PATH}/Alamofire.framework",
				"${TARGET_BUILD_DIR}/${FRAMEWORKS_FOLDER_PATH}/AlamofireImage.framework",
			);
			runOnlyForDeploymentPostprocessing = 0;
			shellPath = /bin/sh;
			shellScript = "\"${SRCROOT}/Pods/Target Support Files/Pods-TwitchTVNyth/Pods-TwitchTVNyth-frameworks.sh\"\n";
			showEnvVarsInLog = 0;
		};
		EAB20707F6A89BC712C6D79C /* [CP] Copy Pods Resources */ = {
			isa = PBXShellScriptBuildPhase;
			buildActionMask = 2147483647;
			files = (
			);
			inputPaths = (
			);
			name = "[CP] Copy Pods Resources";
			outputPaths = (
			);
			runOnlyForDeploymentPostprocessing = 0;
			shellPath = /bin/sh;
			shellScript = "\"${SRCROOT}/Pods/Target Support Files/Pods-TwitchTVNyth/Pods-TwitchTVNyth-resources.sh\"\n";
			showEnvVarsInLog = 0;
		};
/* End PBXShellScriptBuildPhase section */

/* Begin PBXSourcesBuildPhase section */
		35185D362005323C00DA96BD /* Sources */ = {
			isa = PBXSourcesBuildPhase;
			buildActionMask = 2147483647;
			files = (
				355DDCAC20054F76009E2421 /* TwitchModel.swift in Sources */,
				35185D402005323C00DA96BD /* ViewController.swift in Sources */,
				35185D3E2005323C00DA96BD /* AppDelegate.swift in Sources */,
				352F84F420069E66002656CF /* DetailViewController.swift in Sources */,
				35185D502005356A00DA96BD /* APIController.swift in Sources */,
				355DDCAE200555AD009E2421 /* TwitchCollectionViewCell.swift in Sources */,
			);
			runOnlyForDeploymentPostprocessing = 0;
		};
/* End PBXSourcesBuildPhase section */

/* Begin PBXVariantGroup section */
		35185D412005323C00DA96BD /* Main.storyboard */ = {
			isa = PBXVariantGroup;
			children = (
				35185D422005323C00DA96BD /* Base */,
			);
			name = Main.storyboard;
			sourceTree = "<group>";
		};
		35185D462005323C00DA96BD /* LaunchScreen.storyboard */ = {
			isa = PBXVariantGroup;
			children = (
				35185D472005323C00DA96BD /* Base */,
			);
			name = LaunchScreen.storyboard;
			sourceTree = "<group>";
		};
/* End PBXVariantGroup section */

/* Begin XCBuildConfiguration section */
		35185D4A2005323C00DA96BD /* Debug */ = {
			isa = XCBuildConfiguration;
			buildSettings = {
				ALWAYS_SEARCH_USER_PATHS = NO;
				CLANG_ANALYZER_NONNULL = YES;
				CLANG_ANALYZER_NUMBER_OBJECT_CONVERSION = YES_AGGRESSIVE;
				CLANG_CXX_LANGUAGE_STANDARD = "gnu++14";
				CLANG_CXX_LIBRARY = "libc++";
				CLANG_ENABLE_MODULES = YES;
				CLANG_ENABLE_OBJC_ARC = YES;
				CLANG_WARN_BLOCK_CAPTURE_AUTORELEASING = YES;
				CLANG_WARN_BOOL_CONVERSION = YES;
				CLANG_WARN_COMMA = YES;
				CLANG_WARN_CONSTANT_CONVERSION = YES;
				CLANG_WARN_DIRECT_OBJC_ISA_USAGE = YES_ERROR;
				CLANG_WARN_DOCUMENTATION_COMMENTS = YES;
				CLANG_WARN_EMPTY_BODY = YES;
				CLANG_WARN_ENUM_CONVERSION = YES;
				CLANG_WARN_INFINITE_RECURSION = YES;
				CLANG_WARN_INT_CONVERSION = YES;
				CLANG_WARN_NON_LITERAL_NULL_CONVERSION = YES;
				CLANG_WARN_OBJC_LITERAL_CONVERSION = YES;
				CLANG_WARN_OBJC_ROOT_CLASS = YES_ERROR;
				CLANG_WARN_RANGE_LOOP_ANALYSIS = YES;
				CLANG_WARN_STRICT_PROTOTYPES = YES;
				CLANG_WARN_SUSPICIOUS_MOVE = YES;
				CLANG_WARN_UNGUARDED_AVAILABILITY = YES_AGGRESSIVE;
				CLANG_WARN_UNREACHABLE_CODE = YES;
				CLANG_WARN__DUPLICATE_METHOD_MATCH = YES;
				CODE_SIGN_IDENTITY = "iPhone Developer";
				COPY_PHASE_STRIP = NO;
				DEBUG_INFORMATION_FORMAT = dwarf;
				ENABLE_STRICT_OBJC_MSGSEND = YES;
				ENABLE_TESTABILITY = YES;
				GCC_C_LANGUAGE_STANDARD = gnu11;
				GCC_DYNAMIC_NO_PIC = NO;
				GCC_NO_COMMON_BLOCKS = YES;
				GCC_OPTIMIZATION_LEVEL = 0;
				GCC_PREPROCESSOR_DEFINITIONS = (
					"DEBUG=1",
					"$(inherited)",
				);
				GCC_WARN_64_TO_32_BIT_CONVERSION = YES;
				GCC_WARN_ABOUT_RETURN_TYPE = YES_ERROR;
				GCC_WARN_UNDECLARED_SELECTOR = YES;
				GCC_WARN_UNINITIALIZED_AUTOS = YES_AGGRESSIVE;
				GCC_WARN_UNUSED_FUNCTION = YES;
				GCC_WARN_UNUSED_VARIABLE = YES;
				IPHONEOS_DEPLOYMENT_TARGET = 11.1;
				MTL_ENABLE_DEBUG_INFO = YES;
				ONLY_ACTIVE_ARCH = YES;
				SDKROOT = iphoneos;
				SWIFT_ACTIVE_COMPILATION_CONDITIONS = DEBUG;
				SWIFT_OPTIMIZATION_LEVEL = "-Onone";
			};
			name = Debug;
		};
		35185D4B2005323C00DA96BD /* Release */ = {
			isa = XCBuildConfiguration;
			buildSettings = {
				ALWAYS_SEARCH_USER_PATHS = NO;
				CLANG_ANALYZER_NONNULL = YES;
				CLANG_ANALYZER_NUMBER_OBJECT_CONVERSION = YES_AGGRESSIVE;
				CLANG_CXX_LANGUAGE_STANDARD = "gnu++14";
				CLANG_CXX_LIBRARY = "libc++";
				CLANG_ENABLE_MODULES = YES;
				CLANG_ENABLE_OBJC_ARC = YES;
				CLANG_WARN_BLOCK_CAPTURE_AUTORELEASING = YES;
				CLANG_WARN_BOOL_CONVERSION = YES;
				CLANG_WARN_COMMA = YES;
				CLANG_WARN_CONSTANT_CONVERSION = YES;
				CLANG_WARN_DIRECT_OBJC_ISA_USAGE = YES_ERROR;
				CLANG_WARN_DOCUMENTATION_COMMENTS = YES;
				CLANG_WARN_EMPTY_BODY = YES;
				CLANG_WARN_ENUM_CONVERSION = YES;
				CLANG_WARN_INFINITE_RECURSION = YES;
				CLANG_WARN_INT_CONVERSION = YES;
				CLANG_WARN_NON_LITERAL_NULL_CONVERSION = YES;
				CLANG_WARN_OBJC_LITERAL_CONVERSION = YES;
				CLANG_WARN_OBJC_ROOT_CLASS = YES_ERROR;
				CLANG_WARN_RANGE_LOOP_ANALYSIS = YES;
				CLANG_WARN_STRICT_PROTOTYPES = YES;
				CLANG_WARN_SUSPICIOUS_MOVE = YES;
				CLANG_WARN_UNGUARDED_AVAILABILITY = YES_AGGRESSIVE;
				CLANG_WARN_UNREACHABLE_CODE = YES;
				CLANG_WARN__DUPLICATE_METHOD_MATCH = YES;
				CODE_SIGN_IDENTITY = "iPhone Developer";
				COPY_PHASE_STRIP = NO;
				DEBUG_INFORMATION_FORMAT = "dwarf-with-dsym";
				ENABLE_NS_ASSERTIONS = NO;
				ENABLE_STRICT_OBJC_MSGSEND = YES;
				GCC_C_LANGUAGE_STANDARD = gnu11;
				GCC_NO_COMMON_BLOCKS = YES;
				GCC_WARN_64_TO_32_BIT_CONVERSION = YES;
				GCC_WARN_ABOUT_RETURN_TYPE = YES_ERROR;
				GCC_WARN_UNDECLARED_SELECTOR = YES;
				GCC_WARN_UNINITIALIZED_AUTOS = YES_AGGRESSIVE;
				GCC_WARN_UNUSED_FUNCTION = YES;
				GCC_WARN_UNUSED_VARIABLE = YES;
				IPHONEOS_DEPLOYMENT_TARGET = 11.1;
				MTL_ENABLE_DEBUG_INFO = NO;
				SDKROOT = iphoneos;
				SWIFT_OPTIMIZATION_LEVEL = "-Owholemodule";
				VALIDATE_PRODUCT = YES;
			};
			name = Release;
		};
		35185D4D2005323C00DA96BD /* Debug */ = {
			isa = XCBuildConfiguration;
			baseConfigurationReference = 26CC79948B7234EC27CF755A /* Pods-TwitchTVNyth.debug.xcconfig */;
			buildSettings = {
				ASSETCATALOG_COMPILER_APPICON_NAME = "AppIcon-1";
				CODE_SIGN_STYLE = Automatic;
				INFOPLIST_FILE = TwitchTVNyth/Info.plist;
				LD_RUNPATH_SEARCH_PATHS = "$(inherited) @executable_path/Frameworks";
				PRODUCT_BUNDLE_IDENTIFIER = "Leon-Berni.TwitchTVNyth";
				PRODUCT_NAME = "$(TARGET_NAME)";
				SWIFT_VERSION = 4.0;
				TARGETED_DEVICE_FAMILY = "1,2";
			};
			name = Debug;
		};
		35185D4E2005323C00DA96BD /* Release */ = {
			isa = XCBuildConfiguration;
			baseConfigurationReference = 707FF80EFD9BFBF450ED9897 /* Pods-TwitchTVNyth.release.xcconfig */;
			buildSettings = {
				ASSETCATALOG_COMPILER_APPICON_NAME = "AppIcon-1";
				CODE_SIGN_STYLE = Automatic;
				INFOPLIST_FILE = TwitchTVNyth/Info.plist;
				LD_RUNPATH_SEARCH_PATHS = "$(inherited) @executable_path/Frameworks";
				PRODUCT_BUNDLE_IDENTIFIER = "Leon-Berni.TwitchTVNyth";
				PRODUCT_NAME = "$(TARGET_NAME)";
				SWIFT_VERSION = 4.0;
				TARGETED_DEVICE_FAMILY = "1,2";
			};
			name = Release;
		};
/* End XCBuildConfiguration section */

/* Begin XCConfigurationList section */
		35185D352005323C00DA96BD /* Build configuration list for PBXProject "TwitchTVNyth" */ = {
			isa = XCConfigurationList;
			buildConfigurations = (
				35185D4A2005323C00DA96BD /* Debug */,
				35185D4B2005323C00DA96BD /* Release */,
			);
			defaultConfigurationIsVisible = 0;
			defaultConfigurationName = Release;
		};
		35185D4C2005323C00DA96BD /* Build configuration list for PBXNativeTarget "TwitchTVNyth" */ = {
			isa = XCConfigurationList;
			buildConfigurations = (
				35185D4D2005323C00DA96BD /* Debug */,
				35185D4E2005323C00DA96BD /* Release */,
			);
			defaultConfigurationIsVisible = 0;
			defaultConfigurationName = Release;
		};
/* End XCConfigurationList section */
	};
	rootObject = 35185D322005323C00DA96BD /* Project object */;
}
